Microsoft Visual Studio Solution File, Format Version 12.00
# Visual Studio Version 17
VisualStudioVersion = 17.5.2.0
MinimumVisualStudioVersion = 10.0.40219.1
Project("{FAE04EC0-301F-11D3-BF4B-00C04F79EFBC}") = "EventHubBatchConsumer", "EventHubBatchConsumer\EventHubBatchConsumer.csproj", "{4FC700C7-06E8-E964-821C-7CED92F35A9C}"
EndProject
Project("{FAE04EC0-301F-11D3-BF4B-00C04F79EFBC}") = "EventHubProducerApp", "EventHubProducerApp\EventHubProducerApp.csproj", "{3DB6B49F-C510-D9DA-DED9-F5CB65BAC9D1}"
EndProject
Project("{FAE04EC0-301F-11D3-BF4B-00C04F79EFBC}") = "PatientAdmissionBatchConsumer", "PatientAdmissionBatchConsumer\PatientAdmissionBatchConsumer.csproj", "{9846BE06-52FA-E5A9-5558-1849A57E0966}"
EndProject
Global
	GlobalSection(SolutionConfigurationPlatforms) = preSolution
		Debug|Any CPU = Debug|Any CPU
		Release|Any CPU = Release|Any CPU
	EndGlobalSection
	GlobalSection(ProjectConfigurationPlatforms) = postSolution
		{4FC700C7-06E8-E964-821C-7CED92F35A9C}.Debug|Any CPU.ActiveCfg = Debug|Any CPU
		{4FC700C7-06E8-E964-821C-7CED92F35A9C}.Debug|Any CPU.Build.0 = Debug|Any CPU
		{4FC700C7-06E8-E964-821C-7CED92F35A9C}.Release|Any CPU.ActiveCfg = Release|Any CPU
		{4FC700C7-06E8-E964-821C-7CED92F35A9C}.Release|Any CPU.Build.0 = Release|Any CPU
		{3DB6B49F-C510-D9DA-DED9-F5CB65BAC9D1}.Debug|Any CPU.ActiveCfg = Debug|Any CPU
		{3DB6B49F-C510-D9DA-DED9-F5CB65BAC9D1}.Debug|Any CPU.Build.0 = Debug|Any CPU
		{3DB6B49F-C510-D9DA-DED9-F5CB65BAC9D1}.Release|Any CPU.ActiveCfg = Release|Any CPU
		{3DB6B49F-C510-D9DA-DED9-F5CB65BAC9D1}.Release|Any CPU.Build.0 = Release|Any CPU
		{9846BE06-52FA-E5A9-5558-1849A57E0966}.Debug|Any CPU.ActiveCfg = Debug|Any CPU
		{9846BE06-52FA-E5A9-5558-1849A57E0966}.Debug|Any CPU.Build.0 = Debug|Any CPU
		{9846BE06-52FA-E5A9-5558-1849A57E0966}.Release|Any CPU.ActiveCfg = Release|Any CPU
		{9846BE06-52FA-E5A9-5558-1849A57E0966}.Release|Any CPU.Build.0 = Release|Any CPU
	EndGlobalSection
	GlobalSection(SolutionProperties) = preSolution
		HideSolutionNode = FALSE
	EndGlobalSection
	GlobalSection(ExtensibilityGlobals) = postSolution
		SolutionGuid = {2EBFF882-0F12-4099-B8C3-9BFDE08DB901}
	EndGlobalSection
EndGlobal
